PODS:
  - Alamofire (5.6.4)
  - AlgoliaSearchClient (8.18.0):
    - Logging
  - AppAuth (1.6.1):
    - AppAuth/Core (= 1.6.1)
    - AppAuth/ExternalUserAgent (= 1.6.1)
  - AppAuth/Core (1.6.1)
  - AppAuth/ExternalUserAgent (1.6.1):
    - AppAuth/Core
  - BottomPopup (0.7.0)
  - Cosmos (23.0.0)
  - CryptoSwift (1.4.3)
  - DropDown (2.3.13)
  - DZNEmptyDataSet (1.8.1)
  - EzPopup (1.2)
  - FBAEMKit (16.0.1):
    - FBSDKCoreKit_Basics (= 16.0.1)
  - FBSDKCoreKit (16.0.1):
    - FBAEMKit (= 16.0.1)
    - FBSDKCoreKit_Basics (= 16.0.1)
  - FBSDKCoreKit_Basics (16.0.1)
  - FBSDKLoginKit (16.0.1):
    - FBSDKCoreKit (= 16.0.1)
  - Firebase/Analytics (9.6.0):
    - Firebase/Core
  - Firebase/Auth (9.6.0):
    - Firebase/CoreOnly
    - FirebaseAuth (~> 9.6.0)
  - Firebase/Core (9.6.0):
    - Firebase/CoreOnly
    - FirebaseAnalytics (~> 9.6.0)
  - Firebase/CoreOnly (9.6.0):
    - FirebaseCore (= 9.6.0)
  - Firebase/Crashlytics (9.6.0):
    - Firebase/CoreOnly
    - FirebaseCrashlytics (~> 9.6.0)
  - Firebase/Database (9.6.0):
    - Firebase/CoreOnly
    - FirebaseDatabase (~> 9.6.0)
  - Firebase/InAppMessaging (9.6.0):
    - Firebase/CoreOnly
    - FirebaseInAppMessaging (~> 9.6.0-beta)
  - Firebase/Messaging (9.6.0):
    - Firebase/CoreOnly
    - FirebaseMessaging (~> 9.6.0)
  - FirebaseABTesting (9.6.0):
    - FirebaseCore (~> 9.0)
  - FirebaseAnalytics (9.6.0):
    - FirebaseAnalytics/AdIdSupport (= 9.6.0)
    - FirebaseCore (~> 9.0)
    - FirebaseInstallations (~> 9.0)
    - GoogleUtilities/AppDelegateSwizzler (~> 7.7)
    - GoogleUtilities/MethodSwizzler (~> 7.7)
    - GoogleUtilities/Network (~> 7.7)
    - "GoogleUtilities/NSData+zlib (~> 7.7)"
    - nanopb (< 2.30910.0, >= 2.30908.0)
  - FirebaseAnalytics/AdIdSupport (9.6.0):
    - FirebaseCore (~> 9.0)
    - FirebaseInstallations (~> 9.0)
    - GoogleAppMeasurement (= 9.6.0)
    - GoogleUtilities/AppDelegateSwizzler (~> 7.7)
    - GoogleUtilities/MethodSwizzler (~> 7.7)
    - GoogleUtilities/Network (~> 7.7)
    - "GoogleUtilities/NSData+zlib (~> 7.7)"
    - nanopb (< 2.30910.0, >= 2.30908.0)
  - FirebaseAuth (9.6.0):
    - FirebaseCore (~> 9.0)
    - GoogleUtilities/AppDelegateSwizzler (~> 7.7)
    - GoogleUtilities/Environment (~> 7.7)
    - GTMSessionFetcher/Core (< 3.0, >= 1.7)
  - FirebaseCore (9.6.0):
    - FirebaseCoreDiagnostics (~> 9.0)
    - FirebaseCoreInternal (~> 9.0)
    - GoogleUtilities/Environment (~> 7.7)
    - GoogleUtilities/Logger (~> 7.7)
  - FirebaseCoreDiagnostics (9.6.0):
    - GoogleDataTransport (< 10.0.0, >= 9.1.4)
    - GoogleUtilities/Environment (~> 7.7)
    - GoogleUtilities/Logger (~> 7.7)
    - nanopb (< 2.30910.0, >= 2.30908.0)
  - FirebaseCoreInternal (9.6.0):
    - "GoogleUtilities/NSData+zlib (~> 7.7)"
  - FirebaseCrashlytics (9.6.0):
    - FirebaseCore (~> 9.0)
    - FirebaseInstallations (~> 9.0)
    - GoogleDataTransport (< 10.0.0, >= 9.1.4)
    - GoogleUtilities/Environment (~> 7.7)
    - nanopb (< 2.30910.0, >= 2.30908.0)
    - PromisesObjC (~> 2.1)
  - FirebaseDatabase (9.6.0):
    - FirebaseCore (~> 9.0)
    - leveldb-library (~> 1.22)
  - FirebaseInAppMessaging (9.6.0-beta):
    - FirebaseABTesting (~> 9.0)
    - FirebaseCore (~> 9.0)
    - FirebaseInstallations (~> 9.0)
    - GoogleUtilities/Environment (~> 7.7)
    - nanopb (< 2.30910.0, >= 2.30908.0)
  - FirebaseInstallations (9.6.0):
    - FirebaseCore (~> 9.0)
    - GoogleUtilities/Environment (~> 7.7)
    - GoogleUtilities/UserDefaults (~> 7.7)
    - PromisesObjC (~> 2.1)
  - FirebaseMessaging (9.6.0):
    - FirebaseCore (~> 9.0)
    - FirebaseInstallations (~> 9.0)
    - GoogleDataTransport (< 10.0.0, >= 9.1.4)
    - GoogleUtilities/AppDelegateSwizzler (~> 7.7)
    - GoogleUtilities/Environment (~> 7.7)
    - GoogleUtilities/Reachability (~> 7.7)
    - GoogleUtilities/UserDefaults (~> 7.7)
    - nanopb (< 2.30910.0, >= 2.30908.0)
  - FSCalendar (2.8.4)
  - FSPagerView (0.8.3)
  - GoogleAppMeasurement (9.6.0):
    - GoogleAppMeasurement/AdIdSupport (= 9.6.0)
    - GoogleUtilities/AppDelegateSwizzler (~> 7.7)
    - GoogleUtilities/MethodSwizzler (~> 7.7)
    - GoogleUtilities/Network (~> 7.7)
    - "GoogleUtilities/NSData+zlib (~> 7.7)"
    - nanopb (< 2.30910.0, >= 2.30908.0)
  - GoogleAppMeasurement/AdIdSupport (9.6.0):
    - GoogleAppMeasurement/WithoutAdIdSupport (= 9.6.0)
    - GoogleUtilities/AppDelegateSwizzler (~> 7.7)
    - GoogleUtilities/MethodSwizzler (~> 7.7)
    - GoogleUtilities/Network (~> 7.7)
    - "GoogleUtilities/NSData+zlib (~> 7.7)"
    - nanopb (< 2.30910.0, >= 2.30908.0)
  - GoogleAppMeasurement/WithoutAdIdSupport (9.6.0):
    - GoogleUtilities/AppDelegateSwizzler (~> 7.7)
    - GoogleUtilities/MethodSwizzler (~> 7.7)
    - GoogleUtilities/Network (~> 7.7)
    - "GoogleUtilities/NSData+zlib (~> 7.7)"
    - nanopb (< 2.30910.0, >= 2.30908.0)
  - GoogleDataTransport (9.2.2):
    - GoogleUtilities/Environment (~> 7.7)
    - nanopb (< 2.30910.0, >= 2.30908.0)
    - PromisesObjC (< 3.0, >= 1.2)
  - GoogleMLKit/BarcodeScanning (4.0.0):
    - GoogleMLKit/MLKitCore
    - MLKitBarcodeScanning (~> 3.0.0)
  - GoogleMLKit/ImageLabeling (4.0.0):
    - GoogleMLKit/MLKitCore
    - MLKitImageLabeling (~> 3.0.0)
  - GoogleMLKit/ImageLabelingCustom (4.0.0):
    - GoogleMLKit/MLKitCore
    - MLKitImageLabelingCustom (~> 3.0.0)
  - GoogleMLKit/LinkFirebase (4.0.0):
    - GoogleMLKit/MLKitCore
    - MLKitLinkFirebase (~> 3.0.0)
  - GoogleMLKit/MLKitCore (4.0.0):
    - MLKitCommon (~> 9.0.0)
  - GoogleSignIn (7.0.0):
    - AppAuth (~> 1.5)
    - GTMAppAuth (< 3.0, >= 1.3)
    - GTMSessionFetcher/Core (< 4.0, >= 1.1)
  - GoogleToolboxForMac/DebugUtils (2.3.2):
    - GoogleToolboxForMac/Defines (= 2.3.2)
  - GoogleToolboxForMac/Defines (2.3.2)
  - GoogleToolboxForMac/Logger (2.3.2):
    - GoogleToolboxForMac/Defines (= 2.3.2)
  - "GoogleToolboxForMac/NSData+zlib (2.3.2)":
    - GoogleToolboxForMac/Defines (= 2.3.2)
  - "GoogleToolboxForMac/NSDictionary+URLArguments (2.3.2)":
    - GoogleToolboxForMac/DebugUtils (= 2.3.2)
    - GoogleToolboxForMac/Defines (= 2.3.2)
    - "GoogleToolboxForMac/NSString+URLArguments (= 2.3.2)"
  - "GoogleToolboxForMac/NSString+URLArguments (2.3.2)"
  - GoogleUtilities/AppDelegateSwizzler (7.11.1):
    - GoogleUtilities/Environment
    - GoogleUtilities/Logger
    - GoogleUtilities/Network
  - GoogleUtilities/Environment (7.11.1):
    - PromisesObjC (< 3.0, >= 1.2)
  - GoogleUtilities/Logger (7.11.1):
    - GoogleUtilities/Environment
  - GoogleUtilities/MethodSwizzler (7.11.1):
    - GoogleUtilities/Logger
  - GoogleUtilities/Network (7.11.1):
    - GoogleUtilities/Logger
    - "GoogleUtilities/NSData+zlib"
    - GoogleUtilities/Reachability
  - "GoogleUtilities/NSData+zlib (7.11.1)"
  - GoogleUtilities/Reachability (7.11.1):
    - GoogleUtilities/Logger
  - GoogleUtilities/UserDefaults (7.11.1):
    - GoogleUtilities/Logger
  - GoogleUtilitiesComponents (1.1.0):
    - GoogleUtilities/Logger
  - GTMAppAuth (2.0.0):
    - AppAuth/Core (~> 1.6)
    - GTMSessionFetcher/Core (< 4.0, >= 1.5)
  - GTMSessionFetcher/Core (2.3.0)
  - InstantSearch (7.23.0):
    - InstantSearch/UI (= 7.23.0)
  - InstantSearch/Core (7.23.0):
    - AlgoliaSearchClient (~> 8.17)
    - InstantSearch/Insights
    - InstantSearchTelemetry (~> 0.1.3)
  - InstantSearch/Insights (7.23.0):
    - AlgoliaSearchClient (~> 8.17)
  - InstantSearch/UI (7.23.0):
    - InstantSearch/Core
  - InstantSearchTelemetry (0.1.3):
    - SwiftProtobuf (~> 1.20)
  - IQKeyboardManagerSwift (6.5.6)
  - leveldb-library (1.22.2)
  - ListPlaceholder (1.5)
  - Logging (1.4.0)
  - MLImage (1.0.0-beta4)
  - MLKitBarcodeScanning (3.0.0):
    - MLKitCommon (~> 9.0)
    - MLKitVision (~> 5.0)
  - MLKitCommon (9.0.0):
    - GoogleDataTransport (~> 9.0)
    - GoogleToolboxForMac/Logger (~> 2.1)
    - "GoogleToolboxForMac/NSData+zlib (~> 2.1)"
    - "GoogleToolboxForMac/NSDictionary+URLArguments (~> 2.1)"
    - GoogleUtilities/UserDefaults (~> 7.0)
    - GoogleUtilitiesComponents (~> 1.0)
    - GTMSessionFetcher/Core (< 3.0, >= 1.1)
  - MLKitImageLabeling (3.0.0):
    - MLKitCommon (~> 9.0)
    - MLKitImageLabelingCommon (~> 5.0)
    - MLKitVision (~> 5.0)
    - MLKitVisionKit (~> 6.0)
  - MLKitImageLabelingCommon (5.0.0):
    - MLKitCommon (~> 9.0)
    - MLKitVision (~> 5.0)
  - MLKitImageLabelingCustom (3.0.0):
    - MLKitCommon (~> 9.0)
    - MLKitImageLabelingCommon (~> 5.0)
    - MLKitVision (~> 5.0)
    - MLKitVisionKit (~> 6.0)
  - MLKitLinkFirebase (3.0.0):
    - FirebaseCore (~> 9.0)
    - FirebaseInstallations (~> 9.0)
    - GTMSessionFetcher/Core (< 3.0, >= 1.1)
    - MLKitCommon (~> 9.0)
  - MLKitObjectDetectionCommon (5.0.0):
    - MLKitCommon (~> 9.0)
    - MLKitVision (~> 5.0)
  - MLKitVision (5.0.0):
    - GoogleToolboxForMac/Logger (~> 2.1)
    - "GoogleToolboxForMac/NSData+zlib (~> 2.1)"
    - GTMSessionFetcher/Core (< 3.0, >= 1.1)
    - MLImage (= 1.0.0-beta4)
    - MLKitCommon (~> 9.0)
  - MLKitVisionKit (6.0.0):
    - MLKitCommon (~> 9.0)
    - MLKitImageLabelingCommon (~> 5.0)
    - MLKitObjectDetectionCommon (~> 5.0)
    - MLKitVision (~> 5.0)
  - Mobile-Buy-SDK (11.0.0)
  - nanopb (2.30909.0):
    - nanopb/decode (= 2.30909.0)
    - nanopb/encode (= 2.30909.0)
  - nanopb/decode (2.30909.0)
  - nanopb/encode (2.30909.0)
  - Popover (1.3.0)
  - PromisesObjC (2.2.0)
  - RATreeView (2.1.2)
  - Realm (10.38.0):
    - Realm/Headers (= 10.38.0)
  - Realm/Headers (10.38.0)
  - RealmSwift (10.38.0):
    - Realm (= 10.38.0)
  - RxCocoa (6.5.0):
    - RxRelay (= 6.5.0)
    - RxSwift (= 6.5.0)
  - RxRelay (6.5.0):
    - RxSwift (= 6.5.0)
  - RxSwift (6.5.0)
  - SDWebImage (5.15.5):
    - SDWebImage/Core (= 5.15.5)
  - SDWebImage/Core (5.15.5)
  - SwiftProtobuf (1.21.0)
  - SwiftyJSON (5.0.1)
  - SWRevealViewController (2.3.0)
  - TTGSnackbar (1.11.1)
  - TTRangeSlider (1.0.7)
  - youtube-ios-player-helper (1.0.4)
  - ZendeskChatProvidersSDK (4.0.0)
  - ZendeskChatSDK (4.0.0):
    - ZendeskChatProvidersSDK (~> 4.0.0)
    - ZendeskMessagingSDK (~> 5.0.0)
  - ZendeskCommonUISDK (8.0.0)
  - ZendeskMessagingAPISDK (5.0.0):
    - ZendeskSDKConfigurationsSDK (~> 3.0.0)
  - ZendeskMessagingSDK (5.0.0):
    - ZendeskCommonUISDK (~> 8.0.0)
    - ZendeskMessagingAPISDK (~> 5.0.0)
  - ZendeskSDKConfigurationsSDK (3.0.0)

DEPENDENCIES:
  - Alamofire
  - BottomPopup
  - Cosmos
  - CryptoSwift (~> 1.4.1)
  - DropDown
  - DZNEmptyDataSet
  - EzPopup
  - FBSDKCoreKit
  - FBSDKLoginKit
  - Firebase/Analytics
  - Firebase/Auth
  - Firebase/Core
  - Firebase/Crashlytics
  - Firebase/Database
  - Firebase/InAppMessaging
  - Firebase/Messaging
  - FSCalendar
  - FSPagerView
  - GoogleMLKit/BarcodeScanning
  - GoogleMLKit/ImageLabeling
  - GoogleMLKit/ImageLabelingCustom
  - GoogleMLKit/LinkFirebase
  - GoogleSignIn
  - InstantSearch
  - IQKeyboardManagerSwift (= 6.5.6)
  - ListPlaceholder
  - Mobile-Buy-SDK
  - Popover
  - RATreeView
  - RealmSwift
  - RxCocoa
  - RxSwift
  - SDWebImage
  - SwiftyJSON
  - SWRevealViewController
  - TTGSnackbar
  - TTRangeSlider
  - youtube-ios-player-helper
  - ZendeskChatSDK

SPEC REPOS:
  trunk:
    - Alamofire
    - AlgoliaSearchClient
    - AppAuth
    - BottomPopup
    - Cosmos
    - CryptoSwift
    - DropDown
    - DZNEmptyDataSet
    - EzPopup
    - FBAEMKit
    - FBSDKCoreKit
    - FBSDKCoreKit_Basics
    - FBSDKLoginKit
    - Firebase
    - FirebaseABTesting
    - FirebaseAnalytics
    - FirebaseAuth
    - FirebaseCore
    - FirebaseCoreDiagnostics
    - FirebaseCoreInternal
    - FirebaseCrashlytics
    - FirebaseDatabase
    - FirebaseInAppMessaging
    - FirebaseInstallations
    - FirebaseMessaging
    - FSCalendar
    - FSPagerView
    - GoogleAppMeasurement
    - GoogleDataTransport
    - GoogleMLKit
    - GoogleSignIn
    - GoogleToolboxForMac
    - GoogleUtilities
    - GoogleUtilitiesComponents
    - GTMAppAuth
    - GTMSessionFetcher
    - InstantSearch
    - InstantSearchTelemetry
    - IQKeyboardManagerSwift
    - leveldb-library
    - ListPlaceholder
    - Logging
    - MLImage
    - MLKitBarcodeScanning
    - MLKitCommon
    - MLKitImageLabeling
    - MLKitImageLabelingCommon
    - MLKitImageLabelingCustom
    - MLKitLinkFirebase
    - MLKitObjectDetectionCommon
    - MLKitVision
    - MLKitVisionKit
    - Mobile-Buy-SDK
    - nanopb
    - Popover
    - PromisesObjC
    - RATreeView
    - Realm
    - RealmSwift
    - RxCocoa
    - RxRelay
    - RxSwift
    - SDWebImage
    - SwiftProtobuf
    - SwiftyJSON
    - SWRevealViewController
    - TTGSnackbar
    - TTRangeSlider
    - youtube-ios-player-helper
    - ZendeskChatProvidersSDK
    - ZendeskChatSDK
    - ZendeskCommonUISDK
    - ZendeskMessagingAPISDK
    - ZendeskMessagingSDK
    - ZendeskSDKConfigurationsSDK

SPEC CHECKSUMS:
  Alamofire: 4e95d97098eacb88856099c4fc79b526a299e48c
  AlgoliaSearchClient: c9a8b6d14222a7e77e3c0561edd3ebe1f4d1bbad
  AppAuth: e48b432bb4ba88b10cb2bcc50d7f3af21e78b9c2
  BottomPopup: fe3e284628532f99093ae68c592c6b9d392c972d
  Cosmos: b5c6a9a637e28a061b54c8f8b1d8529d7d4db73f
  CryptoSwift: a0799ee936271bd2253a006f1e4523df21845000
  DropDown: 8a2116376c1981888557f72ec2ffc9a5e0e456ec
  DZNEmptyDataSet: 9525833b9e68ac21c30253e1d3d7076cc828eaa7
  EzPopup: 989ac21992a82ad6d1245c747a78bf3833279ef0
  FBAEMKit: daac7466b918752f020345be5c7d9787f98cfc07
  FBSDKCoreKit: 2cb033464b2134af0138f87d20b859eb3f9be359
  FBSDKCoreKit_Basics: d37280da2e65872f0e931d15f45d97ea324fec37
  FBSDKLoginKit: c47a3b90920702487b10b647c63520dc2676dad9
  Firebase: 5ae8b7cf8efce559a653aef0ad95bab3f427c351
  FirebaseABTesting: 61826730ce9eee8781ba99a2b3420e9bce148dc9
  FirebaseAnalytics: 89ad762c6c3852a685794174757e2c60a36b6a82
  FirebaseAuth: e4a5d3c36e778e41141b91cc861103a441d80bcc
  FirebaseCore: 2082fffcd855f95f883c0a1641133eb9bbe76d40
  FirebaseCoreDiagnostics: 99a495094b10a57eeb3ae8efa1665700ad0bdaa6
  FirebaseCoreInternal: bca76517fe1ed381e989f5e7d8abb0da8d85bed3
  FirebaseCrashlytics: 3210572ddb77801e5a0bd9d7bc890769f2066a0c
  FirebaseDatabase: 3de19e533a73d45e25917b46aafe1dd344ec8119
  FirebaseInAppMessaging: 64f19fde7c3010c170af2c8c629bdb484a4ba642
  FirebaseInstallations: 0a115432c4e223c5ab20b0dbbe4cbefa793a0e8e
  FirebaseMessaging: a4d7910e4af663c9cbfc1071c5bef34651690949
  FSCalendar: 2d1d0d9398f12d439f55c1fe0f01525b151b8260
  FSPagerView: 670405b2f18e2a87fa37f20b00de783e562c25a8
  GoogleAppMeasurement: 6de2b1a69e4326eb82ee05d138f6a5cb7311bcb1
  GoogleDataTransport: 8378d1fa8ac49753ea6ce70d65a7cb70ce5f66e6
  GoogleMLKit: 2bd0dc6253c4d4f227aad460f69215a504b2980e
  GoogleSignIn: b232380cf495a429b8095d3178a8d5855b42e842
  GoogleToolboxForMac: 8bef7c7c5cf7291c687cf5354f39f9db6399ad34
  GoogleUtilities: 9aa0ad5a7bc171f8bae016300bfcfa3fb8425749
  GoogleUtilitiesComponents: 679b2c881db3b615a2777504623df6122dd20afe
  GTMAppAuth: 99fb010047ba3973b7026e45393f51f27ab965ae
  GTMSessionFetcher: 3a63d75eecd6aa32c2fc79f578064e1214dfdec2
  InstantSearch: e737ace2adc30fca9c68db2e2d0cfac18a236378
  InstantSearchTelemetry: e1ea763a63ad2db96b4f5e8bc4cd4cc1147274b9
  IQKeyboardManagerSwift: c7df9d2deb356c04522f5c4b7b6e4ce4d8ed94fe
  leveldb-library: f03246171cce0484482ec291f88b6d563699ee06
  ListPlaceholder: 2d7950014852ee5613d636cf14fd1bb93419e330
  Logging: beeb016c9c80cf77042d62e83495816847ef108b
  MLImage: 7bb7c4264164ade9bf64f679b40fb29c8f33ee9b
  MLKitBarcodeScanning: 04e264482c5f3810cb89ebc134ef6b61e67db505
  MLKitCommon: c1b791c3e667091918d91bda4bba69a91011e390
  MLKitImageLabeling: 9fcdbbfbc454f22009c10015c403ac6319385cdf
  MLKitImageLabelingCommon: 79ffbc10bd0c3a6407aa423aeb076f76a8883e15
  MLKitImageLabelingCustom: 0e771d063bb920cd4aa751469d23b722a9ef0056
  MLKitLinkFirebase: 225488898ef893badf6afacfd0fd27fb4ae075fa
  MLKitObjectDetectionCommon: 424e43365d7ef7dd7005a4799e5303eeb4287fec
  MLKitVision: 8baa5f46ee3352614169b85250574fde38c36f49
  MLKitVisionKit: 5b5472d40ffc143bda693ba20a3cff44fe627d41
  Mobile-Buy-SDK: d3df766c9aaba52eb76fcf5706bbe102b97d87f9
  nanopb: b552cce312b6c8484180ef47159bc0f65a1f0431
  Popover: 10e1d9528f81d9504df984b7b3f491292bc1822d
  PromisesObjC: 09985d6d70fbe7878040aa746d78236e6946d2ef
  RATreeView: 380cde0090cfde21dc6ac29137f49d3b768fdd28
  Realm: 5902885dd1d5e71b0b020830caab937ecdf5bf07
  RealmSwift: 0fc037d6c32c7c4fc9362892380f380114ecdcf0
  RxCocoa: 94f817b71c07517321eb4f9ad299112ca8af743b
  RxRelay: 1de1523e604c72b6c68feadedd1af3b1b4d0ecbd
  RxSwift: 5710a9e6b17f3c3d6e40d6e559b9fa1e813b2ef8
  SDWebImage: fd7e1a22f00303e058058278639bf6196ee431fe
  SwiftProtobuf: afced68785854575756db965e9da52bbf3dc45e7
  SwiftyJSON: 2f33a42c6fbc52764d96f13368585094bfd8aa5e
  SWRevealViewController: 6d3fd97f70112fd7cef9de14df4260eacce4c63a
  TTGSnackbar: fea91c62637b5662f808a4c3b55f7631cb7e1ef7
  TTRangeSlider: 8cf72eca457c3b700c92eb0074be908c986e25ec
  youtube-ios-player-helper: e9b97535e816db3152179d84d999bc1807ecd689
  ZendeskChatProvidersSDK: 2824426b5fdb3104985c34f25aea1754a0b48022
  ZendeskChatSDK: 9963dd26955b91a6800fe02eb80e3728d5f0d03e
  ZendeskCommonUISDK: d2dfaa56b9da2658dac0e078022bf918959b5854
  ZendeskMessagingAPISDK: 355f623d727620755b4041a42dffda4fb28ab90c
  ZendeskMessagingSDK: 66b82e44c774359ac14f5fb21765aa73d0d174dd
  ZendeskSDKConfigurationsSDK: 6b4b0941d46afd7352682c4ce764d5999535b7d4

PODFILE CHECKSUM: 97bcdf83eb2ba55f4b813a7ef8699304acbe7569

COCOAPODS: 1.12.0
